// !$*UTF8*$!
{
	archiveVersion = 1;
	classes = {
	};
	objectVersion = 63;
	objects = {

/* Begin PBXBuildFile section */
		03DD9DA9BD116FB47F405722 /* Tone.swift in Sources */ = {isa = PBXBuildFile; fileRef = 7B35677E02D44ABE43ADE21D /* Tone.swift */; };
		045C34FE6F57FE024A2A5360 /* Language.swift in Sources */ = {isa = PBXBuildFile; fileRef = CFF8F534C58B232451CAA47A /* Language.swift */; };
		094030C37147E27F5E7CD187 /* Pods_SaphanCore.framework in Frameworks */ = {isa = PBXBuildFile; fileRef = 4E5AE826729B7ABE8FCDE9B0 /* Pods_SaphanCore.framework */; };
		0E18FFB4421AE3556AF020BB /* ActionBar.swift in Sources */ = {isa = PBXBuildFile; fileRef = E5A9A38AF776EAE7E30832E6 /* ActionBar.swift */; };
		13AF4B0CDB90986B66F5A61F /* NetworkMonitor.swift in Sources */ = {isa = PBXBuildFile; fileRef = 3484538EFAE8BF3B4B168D8F /* NetworkMonitor.swift */; };
		1779FCDF52460BB891474345 /* Debouncer.swift in Sources */ = {isa = PBXBuildFile; fileRef = 4EC70D4FFB41104E26D8BE66 /* Debouncer.swift */; };
		17AF2CEA3971391B6A785973 /* Pods_Saphan.framework in Frameworks */ = {isa = PBXBuildFile; fileRef = A5C2546C7EA3F2D9E4320285 /* Pods_Saphan.framework */; };
		197CE5FAD321BA95FF2EC026 /* CacheService.swift in Sources */ = {isa = PBXBuildFile; fileRef = D1FBD0EE28FADB22204504B4 /* CacheService.swift */; };
		25A9E6DDE904C6CF465F3B63 /* TopBar.swift in Sources */ = {isa = PBXBuildFile; fileRef = E9E6BC716ABB3FB8E60EF5EA /* TopBar.swift */; };
		264DDF54D1BEE1A2B9C48390 /* LanguageSelectorView.swift in Sources */ = {isa = PBXBuildFile; fileRef = EEC5DEB1E17FC95DD1F58377 /* LanguageSelectorView.swift */; };
		265C0AB7344D0B0D2B94B196 /* SettingsViewModel.swift in Sources */ = {isa = PBXBuildFile; fileRef = 352D898EC130B56F360F48C3 /* SettingsViewModel.swift */; };
		2E3A3C624CB91898BB5FA442 /* SignUpView.swift in Sources */ = {isa = PBXBuildFile; fileRef = 8D9B352621BD6EAFFBFCBC32 /* SignUpView.swift */; };
		32FF980737DF2E6A5A9CB731 /* KeyboardGrid.swift in Sources */ = {isa = PBXBuildFile; fileRef = 039285CF4428D6CD3E910372 /* KeyboardGrid.swift */; };
		3C03E438BA311F62C1FB9CB2 /* GoogleSignIn in Frameworks */ = {isa = PBXBuildFile; productRef = 55CF492E025E9CD11B3AB423 /* GoogleSignIn */; };
		3D326830FCE19FF184FECFF8 /* SaphanApp.swift in Sources */ = {isa = PBXBuildFile; fileRef = C6C79A46E65CA8EA6F37ADF7 /* SaphanApp.swift */; };
		3F75268357C8F99FFE18107E /* KeyboardView.swift in Sources */ = {isa = PBXBuildFile; fileRef = A5FCD8FD8C196481D8BD71B6 /* KeyboardView.swift */; };
		425552337EF1BC01FCF988C8 /* RootView.swift in Sources */ = {isa = PBXBuildFile; fileRef = B9C202CF6A66471E91FB0680 /* RootView.swift */; };
		43ACE8A0357C2C64CD5E88F3 /* PTTButtonView.swift in Sources */ = {isa = PBXBuildFile; fileRef = E5E06F7336149B032F51E644 /* PTTButtonView.swift */; };
		46EC84EC70A6A367497BB6CA /* SaphanCore.framework in Embed Frameworks */ = {isa = PBXBuildFile; fileRef = 5D6EAB299920E6891D28B133 /* SaphanCore.framework */; settings = {ATTRIBUTES = (CodeSignOnCopy, RemoveHeadersOnCopy, ); }; };
		4B6ECBEB69AB9DBC4099453F /* Constants.swift in Sources */ = {isa = PBXBuildFile; fileRef = 44C8C0A9482E858128775C9A /* Constants.swift */; };
		52B48EA432452B26FC77094B /* KeyboardButton.swift in Sources */ = {isa = PBXBuildFile; fileRef = F1920D5CE3FF0878462C06DA /* KeyboardButton.swift */; };
		5348D2ADD5D7AA56C4E384C4 /* APIClient.swift in Sources */ = {isa = PBXBuildFile; fileRef = 92C8A5CC839577C106BEEC2E /* APIClient.swift */; };
		534EAE8502FD78D47435F20D /* AuthViewModel.swift in Sources */ = {isa = PBXBuildFile; fileRef = CBCA515FB945F69E9A6C7E1A /* AuthViewModel.swift */; };
		5794FF660541E24B892194D1 /* RevenueCat in Frameworks */ = {isa = PBXBuildFile; productRef = 53492FCCB46A0A96FF78A8FB /* RevenueCat */; };
		58F874EA26881D7EF2954390 /* Supabase in Frameworks */ = {isa = PBXBuildFile; productRef = F55DE2B88D1A1112C5E5E007 /* Supabase */; };
		5AD494C8336F2F9A8B9BDFAC /* SubscriptionViewModel.swift in Sources */ = {isa = PBXBuildFile; fileRef = CBCBF2B32166BD9088622167 /* SubscriptionViewModel.swift */; };
		5B85BE875C8A0448DA9A2F3D /* VoiceOption.swift in Sources */ = {isa = PBXBuildFile; fileRef = 3567DB415B16E52877B68055 /* VoiceOption.swift */; };
		5E1D461039833CDD6D697A07 /* TextTranslationService.swift in Sources */ = {isa = PBXBuildFile; fileRef = 14839B4886EB82493012761D /* TextTranslationService.swift */; };
		626DD90E36DF88D8F3CD17C4 /* PaywallView.swift in Sources */ = {isa = PBXBuildFile; fileRef = B888ADADD90CDB7B6C78D9E8 /* PaywallView.swift */; };
		644762BC344D946C9ABBDD9C /* ConversationBubbleView.swift in Sources */ = {isa = PBXBuildFile; fileRef = 98BC1C3DA939A8DD5B9D3253 /* ConversationBubbleView.swift */; };
		6AB3E06C6EC6002A8D35F6D8 /* Logger.swift in Sources */ = {isa = PBXBuildFile; fileRef = 2949E5889DB2AA77376AC6A0 /* Logger.swift */; };
		6C563C31A560E3E73E0AB2D9 /* AuthContainerView.swift in Sources */ = {isa = PBXBuildFile; fileRef = 4D664BC3AC1FAB969BB2164A /* AuthContainerView.swift */; };
		7305CBAA030D6D74A1053E03 /* AuthService.swift in Sources */ = {isa = PBXBuildFile; fileRef = 6161E4D7CE8A4133D2E31D62 /* AuthService.swift */; };
		74A1AD299F91ECACD2A8B0E3 /* ConversationItem.swift in Sources */ = {isa = PBXBuildFile; fileRef = A874CC7A8162D901CA4AF574 /* ConversationItem.swift */; };
		76F16061FEAFA53F2AF35415 /* KeychainService.swift in Sources */ = {isa = PBXBuildFile; fileRef = 0E56A3E1C9EEFD172009C3F1 /* KeychainService.swift */; };
		7BB4B9FF73913D149AD544D7 /* SettingsView.swift in Sources */ = {isa = PBXBuildFile; fileRef = 23B1136224DA8BBC04949653 /* SettingsView.swift */; };
		85D08A7E3BC98405BFE546B5 /* ConnectionState.swift in Sources */ = {isa = PBXBuildFile; fileRef = 15A10E0665A65DEB4CA32E38 /* ConnectionState.swift */; };
		872A77BBADF607CA724142CE /* SaphanCore.framework in Frameworks */ = {isa = PBXBuildFile; fileRef = 5D6EAB299920E6891D28B133 /* SaphanCore.framework */; };
		94A3E20B5EB4CABDAE258DB5 /* VoiceTranslationViewModel.swift in Sources */ = {isa = PBXBuildFile; fileRef = B90581C74D22B1F00DD831C5 /* VoiceTranslationViewModel.swift */; };
		9CE4FCA397271D4ADFBA507B /* SaphanCore.framework in Frameworks */ = {isa = PBXBuildFile; fileRef = 5D6EAB299920E6891D28B133 /* SaphanCore.framework */; };
		A0B65A0FD24EC56AD7D6ECD3 /* SaphanCore.framework in Frameworks */ = {isa = PBXBuildFile; fileRef = 5D6EAB299920E6891D28B133 /* SaphanCore.framework */; };
		A1632FBC6253AA6B5E7EE73D /* ContextModePicker.swift in Sources */ = {isa = PBXBuildFile; fileRef = 9B748DBB72749F3DF3F74040 /* ContextModePicker.swift */; };
		A88B5B15A31EE8E53840A7AE /* VoiceTranslationView.swift in Sources */ = {isa = PBXBuildFile; fileRef = A39B14979F050469CF9C5300 /* VoiceTranslationView.swift */; };
		A929AF72C5A0CC7957456689 /* AppDelegate.swift in Sources */ = {isa = PBXBuildFile; fileRef = 90F4470523A1FCBADA6C9584 /* AppDelegate.swift */; };
		A92D9BE21081887E213DE519 /* PreviewBar.swift in Sources */ = {isa = PBXBuildFile; fileRef = 5915369996EF5560D6105313 /* PreviewBar.swift */; };
		B097E1A0C6D7CB68F7C372A0 /* APIError.swift in Sources */ = {isa = PBXBuildFile; fileRef = 74C546BCFD73706448B0DF2D /* APIError.swift */; };
		B5DA29C4E001B18C1A875440 /* KeyboardViewController.swift in Sources */ = {isa = PBXBuildFile; fileRef = E0B58E14356993F8105791EA /* KeyboardViewController.swift */; };
		BC4C33FDCFFE2FB3ADA3AB4A /* ConversationHistorySheet.swift in Sources */ = {isa = PBXBuildFile; fileRef = 5F962BBA52FBCA84B800A1C6 /* ConversationHistorySheet.swift */; };
		C2A5CF8982A13CD71A3A5C8A /* OnboardingContainerView.swift in Sources */ = {isa = PBXBuildFile; fileRef = FE1DBF359C4B67FA775A5292 /* OnboardingContainerView.swift */; };
		C89BC6618E8FE6717CEDD39E /* User.swift in Sources */ = {isa = PBXBuildFile; fileRef = D4089CFCEE55AB63A25481B9 /* User.swift */; };
		C9951D69F4B5BC7CC901AF37 /* VoiceTranslationTheme.swift in Sources */ = {isa = PBXBuildFile; fileRef = 7A10484687EC5766B5541FD7 /* VoiceTranslationTheme.swift */; };
		C9E3413DF98C92BAD53DAE76 /* SaphanKeyboard.appex in Embed Foundation Extensions */ = {isa = PBXBuildFile; fileRef = 257AF2AF869E1D26524B64D1 /* SaphanKeyboard.appex */; settings = {ATTRIBUTES = (RemoveHeadersOnCopy, ); }; };
		CB6A05DB5DEF5D9B19FCE7E9 /* PreferencesService.swift in Sources */ = {isa = PBXBuildFile; fileRef = E0C7B1A7455CB8EA51AD16B4 /* PreferencesService.swift */; };
		CD26529DC1F2DA643A7E3BE5 /* SaphanCore.framework in Embed Frameworks */ = {isa = PBXBuildFile; fileRef = 5D6EAB299920E6891D28B133 /* SaphanCore.framework */; settings = {ATTRIBUTES = (CodeSignOnCopy, RemoveHeadersOnCopy, ); }; };
		D29B197E5F671F21D0DF8DB8 /* WebRTCRealtimeSession.swift in Sources */ = {isa = PBXBuildFile; fileRef = FA9DF09F034BAF06EB6D6402 /* WebRTCRealtimeSession.swift */; };
		D6599F76CD9557A1633D6F2C /* ContextMode.swift in Sources */ = {isa = PBXBuildFile; fileRef = 0BB9C2A9597A081F3CEA3822 /* ContextMode.swift */; };
		D91036D8256E86D8D8D3B11A /* AudioSessionManager.swift in Sources */ = {isa = PBXBuildFile; fileRef = 54FF010D27095AB3049536E1 /* AudioSessionManager.swift */; };
		DD9CDD285BC53D646CD97EE7 /* MainTabView.swift in Sources */ = {isa = PBXBuildFile; fileRef = 8389C22EA9B2A310BCA1E27E /* MainTabView.swift */; };
		E291609E3A63B6F2DC82E881 /* KeyboardViewModel.swift in Sources */ = {isa = PBXBuildFile; fileRef = C9EEA00B534C03FD786813ED /* KeyboardViewModel.swift */; };
		E4735A7C5EC12156A61F7F16 /* RealtimeAgent.swift in Sources */ = {isa = PBXBuildFile; fileRef = AFC151E222733CB55B882A51 /* RealtimeAgent.swift */; };
		E5A24FF8561A976BF8D6DA74 /* InteractionMode.swift in Sources */ = {isa = PBXBuildFile; fileRef = D0BEB80682A3C6D4F381DEA9 /* InteractionMode.swift */; };
		EE3CF1DB80F544AA6AD2CB08 /* TranslationResponse.swift in Sources */ = {isa = PBXBuildFile; fileRef = AED1DD49B671CE00E2503A3E /* TranslationResponse.swift */; };
		EFB606D75A1E1FBD0DE59EDC /* TranslationRequest.swift in Sources */ = {isa = PBXBuildFile; fileRef = 016B0CEE88CD73540D22131C /* TranslationRequest.swift */; };
		F10D5EF561F10DAD621A2AB8 /* SessionTimerView.swift in Sources */ = {isa = PBXBuildFile; fileRef = 7BD90EE712879BBE2E9EC14A /* SessionTimerView.swift */; };
		F746E908CCA7225F7420D753 /* HapticManager.swift in Sources */ = {isa = PBXBuildFile; fileRef = 8878FDC1D52B4A780117CDFB /* HapticManager.swift */; };
/* End PBXBuildFile section */

/* Begin PBXContainerItemProxy section */
		57832B6D927EA63762C7B416 /* PBXContainerItemProxy */ = {
			isa = PBXContainerItemProxy;
			containerPortal = EC65017F6605833903DA602F /* Project object */;
			proxyType = 1;
			remoteGlobalIDString = 75CA530CE60F2A612D816119;
			remoteInfo = SaphanCore;
		};
		5E731568C41C3F17A456F893 /* PBXContainerItemProxy */ = {
			isa = PBXContainerItemProxy;
			containerPortal = EC65017F6605833903DA602F /* Project object */;
			proxyType = 1;
			remoteGlobalIDString = 75CA530CE60F2A612D816119;
			remoteInfo = SaphanCore;
		};
		7BB19487C66B189A03F20DC9 /* PBXContainerItemProxy */ = {
			isa = PBXContainerItemProxy;
			containerPortal = EC65017F6605833903DA602F /* Project object */;
			proxyType = 1;
			remoteGlobalIDString = 20A0769D980BF0E2085B2B43;
			remoteInfo = SaphanKeyboard;
		};
		8DE18508FB7E1BE366B0DA3F /* PBXContainerItemProxy */ = {
			isa = PBXContainerItemProxy;
			containerPortal = EC65017F6605833903DA602F /* Project object */;
			proxyType = 1;
			remoteGlobalIDString = 7DD7FF0888900C39D602FFE1;
			remoteInfo = Saphan;
		};
		CB42762554A10C5EAFA44FB3 /* PBXContainerItemProxy */ = {
			isa = PBXContainerItemProxy;
			containerPortal = EC65017F6605833903DA602F /* Project object */;
			proxyType = 1;
			remoteGlobalIDString = 75CA530CE60F2A612D816119;
			remoteInfo = SaphanCore;
		};
/* End PBXContainerItemProxy section */

/* Begin PBXCopyFilesBuildPhase section */
		57C1C566DD61A2838B1C4E0C /* Embed Foundation Extensions */ = {
			isa = PBXCopyFilesBuildPhase;
			buildActionMask = 2147483647;
			dstPath = "";
			dstSubfolderSpec = 13;
			files = (
				C9E3413DF98C92BAD53DAE76 /* SaphanKeyboard.appex in Embed Foundation Extensions */,
			);
			name = "Embed Foundation Extensions";
			runOnlyForDeploymentPostprocessing = 0;
		};
		A683DC080D6BD508EC216867 /* Embed Frameworks */ = {
			isa = PBXCopyFilesBuildPhase;
			buildActionMask = 2147483647;
			dstPath = "";
			dstSubfolderSpec = 10;
			files = (
				CD26529DC1F2DA643A7E3BE5 /* SaphanCore.framework in Embed Frameworks */,
			);
			name = "Embed Frameworks";
			runOnlyForDeploymentPostprocessing = 0;
		};
		C60F218A01FE2471885B77B0 /* Embed Frameworks */ = {
			isa = PBXCopyFilesBuildPhase;
			buildActionMask = 2147483647;
			dstPath = "";
			dstSubfolderSpec = 10;
			files = (
				46EC84EC70A6A367497BB6CA /* SaphanCore.framework in Embed Frameworks */,
			);
			name = "Embed Frameworks";
			runOnlyForDeploymentPostprocessing = 0;
		};
/* End PBXCopyFilesBuildPhase section */

/* Begin PBXFileReference section */
		016B0CEE88CD73540D22131C /* TranslationRequest.swift */ = {isa = PBXFileReference; lastKnownFileType = sourcecode.swift; path = TranslationRequest.swift; sourceTree = "<group>"; };
		039285CF4428D6CD3E910372 /* KeyboardGrid.swift */ = {isa = PBXFileReference; lastKnownFileType = sourcecode.swift; path = KeyboardGrid.swift; sourceTree = "<group>"; };
		0BB9C2A9597A081F3CEA3822 /* ContextMode.swift */ = {isa = PBXFileReference; lastKnownFileType = sourcecode.swift; path = ContextMode.swift; sourceTree = "<group>"; };
		0E56A3E1C9EEFD172009C3F1 /* KeychainService.swift */ = {isa = PBXFileReference; lastKnownFileType = sourcecode.swift; path = KeychainService.swift; sourceTree = "<group>"; };
		14839B4886EB82493012761D /* TextTranslationService.swift */ = {isa = PBXFileReference; lastKnownFileType = sourcecode.swift; path = TextTranslationService.swift; sourceTree = "<group>"; };
		15A10E0665A65DEB4CA32E38 /* ConnectionState.swift */ = {isa = PBXFileReference; lastKnownFileType = sourcecode.swift; path = ConnectionState.swift; sourceTree = "<group>"; };
		23B1136224DA8BBC04949653 /* SettingsView.swift */ = {isa = PBXFileReference; lastKnownFileType = sourcecode.swift; path = SettingsView.swift; sourceTree = "<group>"; };
		257AF2AF869E1D26524B64D1 /* SaphanKeyboard.appex */ = {isa = PBXFileReference; explicitFileType = "wrapper.app-extension"; includeInIndex = 0; path = SaphanKeyboard.appex; sourceTree = BUILT_PRODUCTS_DIR; };
		2949E5889DB2AA77376AC6A0 /* Logger.swift */ = {isa = PBXFileReference; lastKnownFileType = sourcecode.swift; path = Logger.swift; sourceTree = "<group>"; };
		2AC0142E75B3C85E00E00A67 /* Saphan.entitlements */ = {isa = PBXFileReference; lastKnownFileType = text.plist.entitlements; path = Saphan.entitlements; sourceTree = "<group>"; };
		2D969C2D57BC09491EF71C3F /* Pods-SaphanCore.release.xcconfig */ = {isa = PBXFileReference; includeInIndex = 1; lastKnownFileType = text.xcconfig; name = "Pods-SaphanCore.release.xcconfig"; path = "Target Support Files/Pods-SaphanCore/Pods-SaphanCore.release.xcconfig"; sourceTree = "<group>"; };
		2DDCD9C82268C63CA54E5793 /* Saphan.app */ = {isa = PBXFileReference; explicitFileType = wrapper.application; includeInIndex = 0; path = Saphan.app; sourceTree = BUILT_PRODUCTS_DIR; };
		3484538EFAE8BF3B4B168D8F /* NetworkMonitor.swift */ = {isa = PBXFileReference; lastKnownFileType = sourcecode.swift; path = NetworkMonitor.swift; sourceTree = "<group>"; };
		352D898EC130B56F360F48C3 /* SettingsViewModel.swift */ = {isa = PBXFileReference; lastKnownFileType = sourcecode.swift; path = SettingsViewModel.swift; sourceTree = "<group>"; };
		3567DB415B16E52877B68055 /* VoiceOption.swift */ = {isa = PBXFileReference; lastKnownFileType = sourcecode.swift; path = VoiceOption.swift; sourceTree = "<group>"; };
		39831A3FF43FFBE002009CA3 /* Pods-Saphan.release.xcconfig */ = {isa = PBXFileReference; includeInIndex = 1; lastKnownFileType = text.xcconfig; name = "Pods-Saphan.release.xcconfig"; path = "Target Support Files/Pods-Saphan/Pods-Saphan.release.xcconfig"; sourceTree = "<group>"; };
		3BD4679D16D880A8C1BCAD04 /* Pods-SaphanCore.debug.xcconfig */ = {isa = PBXFileReference; includeInIndex = 1; lastKnownFileType = text.xcconfig; name = "Pods-SaphanCore.debug.xcconfig"; path = "Target Support Files/Pods-SaphanCore/Pods-SaphanCore.debug.xcconfig"; sourceTree = "<group>"; };
		424EA2E95EB2A6B0EFA16FFD /* Pods-Saphan.debug.xcconfig */ = {isa = PBXFileReference; includeInIndex = 1; lastKnownFileType = text.xcconfig; name = "Pods-Saphan.debug.xcconfig"; path = "Target Support Files/Pods-Saphan/Pods-Saphan.debug.xcconfig"; sourceTree = "<group>"; };
		44C8C0A9482E858128775C9A /* Constants.swift */ = {isa = PBXFileReference; lastKnownFileType = sourcecode.swift; path = Constants.swift; sourceTree = "<group>"; };
		4C5D920A83B21250AB52F2EE /* Info.plist */ = {isa = PBXFileReference; lastKnownFileType = text.plist; path = Info.plist; sourceTree = "<group>"; };
		4D664BC3AC1FAB969BB2164A /* AuthContainerView.swift */ = {isa = PBXFileReference; lastKnownFileType = sourcecode.swift; path = AuthContainerView.swift; sourceTree = "<group>"; };
		4E5AE826729B7ABE8FCDE9B0 /* Pods_SaphanCore.framework */ = {isa = PBXFileReference; explicitFileType = wrapper.framework; includeInIndex = 0; path = Pods_SaphanCore.framework; sourceTree = BUILT_PRODUCTS_DIR; };
		4EC70D4FFB41104E26D8BE66 /* Debouncer.swift */ = {isa = PBXFileReference; lastKnownFileType = sourcecode.swift; path = Debouncer.swift; sourceTree = "<group>"; };
		54FF010D27095AB3049536E1 /* AudioSessionManager.swift */ = {isa = PBXFileReference; lastKnownFileType = sourcecode.swift; path = AudioSessionManager.swift; sourceTree = "<group>"; };
		5915369996EF5560D6105313 /* PreviewBar.swift */ = {isa = PBXFileReference; lastKnownFileType = sourcecode.swift; path = PreviewBar.swift; sourceTree = "<group>"; };
		5D6EAB299920E6891D28B133 /* SaphanCore.framework */ = {isa = PBXFileReference; explicitFileType = wrapper.framework; includeInIndex = 0; path = SaphanCore.framework; sourceTree = BUILT_PRODUCTS_DIR; };
		5F962BBA52FBCA84B800A1C6 /* ConversationHistorySheet.swift */ = {isa = PBXFileReference; lastKnownFileType = sourcecode.swift; path = ConversationHistorySheet.swift; sourceTree = "<group>"; };
		6161E4D7CE8A4133D2E31D62 /* AuthService.swift */ = {isa = PBXFileReference; lastKnownFileType = sourcecode.swift; path = AuthService.swift; sourceTree = "<group>"; };
		644BCFC3D5BFEC149F3F98FC /* SaphanTests.xctest */ = {isa = PBXFileReference; explicitFileType = wrapper.cfbundle; includeInIndex = 0; path = SaphanTests.xctest; sourceTree = BUILT_PRODUCTS_DIR; };
		74C546BCFD73706448B0DF2D /* APIError.swift */ = {isa = PBXFileReference; lastKnownFileType = sourcecode.swift; path = APIError.swift; sourceTree = "<group>"; };
		7A10484687EC5766B5541FD7 /* VoiceTranslationTheme.swift */ = {isa = PBXFileReference; lastKnownFileType = sourcecode.swift; path = VoiceTranslationTheme.swift; sourceTree = "<group>"; };
		7B35677E02D44ABE43ADE21D /* Tone.swift */ = {isa = PBXFileReference; lastKnownFileType = sourcecode.swift; path = Tone.swift; sourceTree = "<group>"; };
		7BD90EE712879BBE2E9EC14A /* SessionTimerView.swift */ = {isa = PBXFileReference; lastKnownFileType = sourcecode.swift; path = SessionTimerView.swift; sourceTree = "<group>"; };
		8389C22EA9B2A310BCA1E27E /* MainTabView.swift */ = {isa = PBXFileReference; lastKnownFileType = sourcecode.swift; path = MainTabView.swift; sourceTree = "<group>"; };
		8878FDC1D52B4A780117CDFB /* HapticManager.swift */ = {isa = PBXFileReference; lastKnownFileType = sourcecode.swift; path = HapticManager.swift; sourceTree = "<group>"; };
		8D9B352621BD6EAFFBFCBC32 /* SignUpView.swift */ = {isa = PBXFileReference; lastKnownFileType = sourcecode.swift; path = SignUpView.swift; sourceTree = "<group>"; };
		90F4470523A1FCBADA6C9584 /* AppDelegate.swift */ = {isa = PBXFileReference; lastKnownFileType = sourcecode.swift; path = AppDelegate.swift; sourceTree = "<group>"; };
		92C8A5CC839577C106BEEC2E /* APIClient.swift */ = {isa = PBXFileReference; lastKnownFileType = sourcecode.swift; path = APIClient.swift; sourceTree = "<group>"; };
		98BC1C3DA939A8DD5B9D3253 /* ConversationBubbleView.swift */ = {isa = PBXFileReference; lastKnownFileType = sourcecode.swift; path = ConversationBubbleView.swift; sourceTree = "<group>"; };
		9B748DBB72749F3DF3F74040 /* ContextModePicker.swift */ = {isa = PBXFileReference; lastKnownFileType = sourcecode.swift; path = ContextModePicker.swift; sourceTree = "<group>"; };
		A39B14979F050469CF9C5300 /* VoiceTranslationView.swift */ = {isa = PBXFileReference; lastKnownFileType = sourcecode.swift; path = VoiceTranslationView.swift; sourceTree = "<group>"; };
		A5C2546C7EA3F2D9E4320285 /* Pods_Saphan.framework */ = {isa = PBXFileReference; explicitFileType = wrapper.framework; includeInIndex = 0; path = Pods_Saphan.framework; sourceTree = BUILT_PRODUCTS_DIR; };
		A5FCD8FD8C196481D8BD71B6 /* KeyboardView.swift */ = {isa = PBXFileReference; lastKnownFileType = sourcecode.swift; path = KeyboardView.swift; sourceTree = "<group>"; };
		A874CC7A8162D901CA4AF574 /* ConversationItem.swift */ = {isa = PBXFileReference; lastKnownFileType = sourcecode.swift; path = ConversationItem.swift; sourceTree = "<group>"; };
		AED1DD49B671CE00E2503A3E /* TranslationResponse.swift */ = {isa = PBXFileReference; lastKnownFileType = sourcecode.swift; path = TranslationResponse.swift; sourceTree = "<group>"; };
		AFC151E222733CB55B882A51 /* RealtimeAgent.swift */ = {isa = PBXFileReference; lastKnownFileType = sourcecode.swift; path = RealtimeAgent.swift; sourceTree = "<group>"; };
		B888ADADD90CDB7B6C78D9E8 /* PaywallView.swift */ = {isa = PBXFileReference; lastKnownFileType = sourcecode.swift; path = PaywallView.swift; sourceTree = "<group>"; };
		B90581C74D22B1F00DD831C5 /* VoiceTranslationViewModel.swift */ = {isa = PBXFileReference; lastKnownFileType = sourcecode.swift; path = VoiceTranslationViewModel.swift; sourceTree = "<group>"; };
		B9C202CF6A66471E91FB0680 /* RootView.swift */ = {isa = PBXFileReference; lastKnownFileType = sourcecode.swift; path = RootView.swift; sourceTree = "<group>"; };
		C6C79A46E65CA8EA6F37ADF7 /* SaphanApp.swift */ = {isa = PBXFileReference; lastKnownFileType = sourcecode.swift; path = SaphanApp.swift; sourceTree = "<group>"; };
		C9EEA00B534C03FD786813ED /* KeyboardViewModel.swift */ = {isa = PBXFileReference; lastKnownFileType = sourcecode.swift; path = KeyboardViewModel.swift; sourceTree = "<group>"; };
		CBCA515FB945F69E9A6C7E1A /* AuthViewModel.swift */ = {isa = PBXFileReference; lastKnownFileType = sourcecode.swift; path = AuthViewModel.swift; sourceTree = "<group>"; };
		CBCBF2B32166BD9088622167 /* SubscriptionViewModel.swift */ = {isa = PBXFileReference; lastKnownFileType = sourcecode.swift; path = SubscriptionViewModel.swift; sourceTree = "<group>"; };
		CFF8F534C58B232451CAA47A /* Language.swift */ = {isa = PBXFileReference; lastKnownFileType = sourcecode.swift; path = Language.swift; sourceTree = "<group>"; };
		D0BEB80682A3C6D4F381DEA9 /* InteractionMode.swift */ = {isa = PBXFileReference; lastKnownFileType = sourcecode.swift; path = InteractionMode.swift; sourceTree = "<group>"; };
		D1FBD0EE28FADB22204504B4 /* CacheService.swift */ = {isa = PBXFileReference; lastKnownFileType = sourcecode.swift; path = CacheService.swift; sourceTree = "<group>"; };
		D4089CFCEE55AB63A25481B9 /* User.swift */ = {isa = PBXFileReference; lastKnownFileType = sourcecode.swift; path = User.swift; sourceTree = "<group>"; };
		E0B58E14356993F8105791EA /* KeyboardViewController.swift */ = {isa = PBXFileReference; lastKnownFileType = sourcecode.swift; path = KeyboardViewController.swift; sourceTree = "<group>"; };
		E0C7B1A7455CB8EA51AD16B4 /* PreferencesService.swift */ = {isa = PBXFileReference; lastKnownFileType = sourcecode.swift; path = PreferencesService.swift; sourceTree = "<group>"; };
		E47349C4D6ADF16178F53D9C /* SaphanKeyboard.entitlements */ = {isa = PBXFileReference; lastKnownFileType = text.plist.entitlements; path = SaphanKeyboard.entitlements; sourceTree = "<group>"; };
		E5A9A38AF776EAE7E30832E6 /* ActionBar.swift */ = {isa = PBXFileReference; lastKnownFileType = sourcecode.swift; path = ActionBar.swift; sourceTree = "<group>"; };
		E5E06F7336149B032F51E644 /* PTTButtonView.swift */ = {isa = PBXFileReference; lastKnownFileType = sourcecode.swift; path = PTTButtonView.swift; sourceTree = "<group>"; };
		E9E6BC716ABB3FB8E60EF5EA /* TopBar.swift */ = {isa = PBXFileReference; lastKnownFileType = sourcecode.swift; path = TopBar.swift; sourceTree = "<group>"; };
		EEC5DEB1E17FC95DD1F58377 /* LanguageSelectorView.swift */ = {isa = PBXFileReference; lastKnownFileType = sourcecode.swift; path = LanguageSelectorView.swift; sourceTree = "<group>"; };
		F1920D5CE3FF0878462C06DA /* KeyboardButton.swift */ = {isa = PBXFileReference; lastKnownFileType = sourcecode.swift; path = KeyboardButton.swift; sourceTree = "<group>"; };
		F4635B4AA396D720A77FCD50 /* Info.plist */ = {isa = PBXFileReference; lastKnownFileType = text.plist; path = Info.plist; sourceTree = "<group>"; };
		FA9DF09F034BAF06EB6D6402 /* WebRTCRealtimeSession.swift */ = {isa = PBXFileReference; lastKnownFileType = sourcecode.swift; path = WebRTCRealtimeSession.swift; sourceTree = "<group>"; };
		FE1DBF359C4B67FA775A5292 /* OnboardingContainerView.swift */ = {isa = PBXFileReference; lastKnownFileType = sourcecode.swift; path = OnboardingContainerView.swift; sourceTree = "<group>"; };
/* End PBXFileReference section */

/* Begin PBXFrameworksBuildPhase section */
		17B4EA0E5BE2CA4A5BDF42FA /* Frameworks */ = {
			isa = PBXFrameworksBuildPhase;
			buildActionMask = 2147483647;
			files = (
				9CE4FCA397271D4ADFBA507B /* SaphanCore.framework in Frameworks */,
				58F874EA26881D7EF2954390 /* Supabase in Frameworks */,
				5794FF660541E24B892194D1 /* RevenueCat in Frameworks */,
				3C03E438BA311F62C1FB9CB2 /* GoogleSignIn in Frameworks */,
				17AF2CEA3971391B6A785973 /* Pods_Saphan.framework in Frameworks */,
			);
			runOnlyForDeploymentPostprocessing = 0;
		};
		3CCA2DE1A2169D2B9EBE9957 /* Frameworks */ = {
			isa = PBXFrameworksBuildPhase;
			buildActionMask = 2147483647;
			files = (
				094030C37147E27F5E7CD187 /* Pods_SaphanCore.framework in Frameworks */,
			);
			runOnlyForDeploymentPostprocessing = 0;
		};
		BC722FE05C28B1AFC38C02D7 /* Frameworks */ = {
			isa = PBXFrameworksBuildPhase;
			buildActionMask = 2147483647;
			files = (
				872A77BBADF607CA724142CE /* SaphanCore.framework in Frameworks */,
			);
			runOnlyForDeploymentPostprocessing = 0;
		};
		EFEC1704E536F9AF11735637 /* Frameworks */ = {
			isa = PBXFrameworksBuildPhase;
			buildActionMask = 2147483647;
			files = (
				A0B65A0FD24EC56AD7D6ECD3 /* SaphanCore.framework in Frameworks */,
			);
			runOnlyForDeploymentPostprocessing = 0;
		};
/* End PBXFrameworksBuildPhase section */

/* Begin PBXGroup section */
		058A86119EEB1BB6D578B021 /* ViewModels */ = {
			isa = PBXGroup;
			children = (
				CBCA515FB945F69E9A6C7E1A /* AuthViewModel.swift */,
			);
			path = ViewModels;
			sourceTree = "<group>";
		};
		099875A94FFF068C2CA7BA4C /* Subscription */ = {
			isa = PBXGroup;
			children = (
			);
			path = Subscription;
			sourceTree = "<group>";
		};
		12D03F9323FF8BC6377DB7F4 /* Views */ = {
			isa = PBXGroup;
			children = (
				E5A9A38AF776EAE7E30832E6 /* ActionBar.swift */,
				F1920D5CE3FF0878462C06DA /* KeyboardButton.swift */,
				039285CF4428D6CD3E910372 /* KeyboardGrid.swift */,
				A5FCD8FD8C196481D8BD71B6 /* KeyboardView.swift */,
				5915369996EF5560D6105313 /* PreviewBar.swift */,
				E9E6BC716ABB3FB8E60EF5EA /* TopBar.swift */,
			);
			path = Views;
			sourceTree = "<group>";
		};
		13158E66591DB680635C4A12 /* SaphanKeyboard */ = {
			isa = PBXGroup;
			children = (
				A61AA6A185F7C44DBEED92EA /* ViewModels */,
				12D03F9323FF8BC6377DB7F4 /* Views */,
				4C5D920A83B21250AB52F2EE /* Info.plist */,
				E0B58E14356993F8105791EA /* KeyboardViewController.swift */,
				E47349C4D6ADF16178F53D9C /* SaphanKeyboard.entitlements */,
			);
			path = SaphanKeyboard;
			sourceTree = "<group>";
		};
		159483F3C0735E9BF2328D46 /* Views */ = {
			isa = PBXGroup;
			children = (
				9B748DBB72749F3DF3F74040 /* ContextModePicker.swift */,
				98BC1C3DA939A8DD5B9D3253 /* ConversationBubbleView.swift */,
				5F962BBA52FBCA84B800A1C6 /* ConversationHistorySheet.swift */,
				EEC5DEB1E17FC95DD1F58377 /* LanguageSelectorView.swift */,
				E5E06F7336149B032F51E644 /* PTTButtonView.swift */,
				7BD90EE712879BBE2E9EC14A /* SessionTimerView.swift */,
				7A10484687EC5766B5541FD7 /* VoiceTranslationTheme.swift */,
				A39B14979F050469CF9C5300 /* VoiceTranslationView.swift */,
			);
			path = Views;
			sourceTree = "<group>";
		};
		1FEEC0426C63FC89A2EC34C3 /* Views */ = {
			isa = PBXGroup;
			children = (
				23B1136224DA8BBC04949653 /* SettingsView.swift */,
			);
			path = Views;
			sourceTree = "<group>";
		};
		33178E7D667179596425D78E /* Config */ = {
			isa = PBXGroup;
			children = (
			);
			path = Config;
			sourceTree = "<group>";
		};
		34748D8CC78DD257B3EBCCF7 /* SaphanTests */ = {
			isa = PBXGroup;
			children = (
				ABD320E8631E896E9FC1F16F /* Models */,
				D26A9B9B729058A59B815092 /* Services */,
				77234219FB8DEA6CEF6DCEB8 /* ViewModels */,
			);
			path = SaphanTests;
			sourceTree = "<group>";
		};
		37FE6478043AB0755E5346F9 /* Frameworks */ = {
			isa = PBXGroup;
			children = (
				A5C2546C7EA3F2D9E4320285 /* Pods_Saphan.framework */,
				4E5AE826729B7ABE8FCDE9B0 /* Pods_SaphanCore.framework */,
			);
			name = Frameworks;
			sourceTree = "<group>";
		};
		3A05937F06B2AE80C0EE29B5 /* Translation */ = {
			isa = PBXGroup;
			children = (
				14839B4886EB82493012761D /* TextTranslationService.swift */,
			);
			path = Translation;
			sourceTree = "<group>";
		};
		410A945032BD598B44117D92 /* ViewModels */ = {
			isa = PBXGroup;
			children = (
				B90581C74D22B1F00DD831C5 /* VoiceTranslationViewModel.swift */,
			);
			path = ViewModels;
			sourceTree = "<group>";
		};
		459DB49AA6EABD188BF38964 /* Saphan */ = {
			isa = PBXGroup;
			children = (
				CCC515E4169A4B2149B404FB /* App */,
				F9E8A7C4BCA71290A93E0447 /* Features */,
				B8FC362F898A13562C3626F9 /* Navigation */,
				6364A59473EB504B4518CC4D /* Resources */,
				731B3A538CB5FF7841549F04 /* Supporting */,
			);
			path = Saphan;
			sourceTree = "<group>";
		};
		48FF7CB48112CD705A773EE8 /* Views */ = {
			isa = PBXGroup;
			children = (
				B888ADADD90CDB7B6C78D9E8 /* PaywallView.swift */,
			);
			path = Views;
			sourceTree = "<group>";
		};
		4A88D7E7D7F82B75216D90B9 /* Auth */ = {
			isa = PBXGroup;
			children = (
				6161E4D7CE8A4133D2E31D62 /* AuthService.swift */,
			);
			path = Auth;
			sourceTree = "<group>";
		};
		5D3F78A54651A84F85EE3F12 /* Services */ = {
			isa = PBXGroup;
			children = (
				F4A1E9DD1DEE526322E82FA0 /* API */,
				4A88D7E7D7F82B75216D90B9 /* Auth */,
				784B88837C58B8A56B70D218 /* Network */,
				BA8A07C147C908157BB93C7E /* Storage */,
				099875A94FFF068C2CA7BA4C /* Subscription */,
				3A05937F06B2AE80C0EE29B5 /* Translation */,
			);
			path = Services;
			sourceTree = "<group>";
		};
		5EE7C14684AA330588BAA6F3 /* ViewModels */ = {
			isa = PBXGroup;
			children = (
				CBCBF2B32166BD9088622167 /* SubscriptionViewModel.swift */,
			);
			path = ViewModels;
			sourceTree = "<group>";
		};
		60BA6B325E82A4DC98F03898 /* Onboarding */ = {
			isa = PBXGroup;
			children = (
				88DD55BFA3468A0126ECEA86 /* ViewModels */,
				E1B1A752324096E4CE1D40DE /* Views */,
			);
			path = Onboarding;
			sourceTree = "<group>";
		};
		6364A59473EB504B4518CC4D /* Resources */ = {
			isa = PBXGroup;
			children = (
				F4635B4AA396D720A77FCD50 /* Info.plist */,
			);
			path = Resources;
			sourceTree = "<group>";
		};
		645E6B12B757FDE441D9111F /* Subscription */ = {
			isa = PBXGroup;
			children = (
				5EE7C14684AA330588BAA6F3 /* ViewModels */,
				48FF7CB48112CD705A773EE8 /* Views */,
			);
			path = Subscription;
			sourceTree = "<group>";
		};
		68AA2841BB84360EAC8A09CD = {
			isa = PBXGroup;
			children = (
				459DB49AA6EABD188BF38964 /* Saphan */,
				EFEAB78D40837C2F273C64C8 /* SaphanCore */,
				13158E66591DB680635C4A12 /* SaphanKeyboard */,
				34748D8CC78DD257B3EBCCF7 /* SaphanTests */,
				FDF7F5DCBF92548CB9E74109 /* Products */,
				9BF48F51B7B45FFBC53BA4C0 /* Pods */,
				37FE6478043AB0755E5346F9 /* Frameworks */,
			);
			sourceTree = "<group>";
		};
		731B3A538CB5FF7841549F04 /* Supporting */ = {
			isa = PBXGroup;
			children = (
				33178E7D667179596425D78E /* Config */,
				2AC0142E75B3C85E00E00A67 /* Saphan.entitlements */,
			);
			path = Supporting;
			sourceTree = "<group>";
		};
		77234219FB8DEA6CEF6DCEB8 /* ViewModels */ = {
			isa = PBXGroup;
			children = (
			);
			path = ViewModels;
			sourceTree = "<group>";
		};
		784B88837C58B8A56B70D218 /* Network */ = {
			isa = PBXGroup;
			children = (
				3484538EFAE8BF3B4B168D8F /* NetworkMonitor.swift */,
			);
			path = Network;
			sourceTree = "<group>";
		};
		88DD55BFA3468A0126ECEA86 /* ViewModels */ = {
			isa = PBXGroup;
			children = (
			);
			path = ViewModels;
			sourceTree = "<group>";
		};
		9BF48F51B7B45FFBC53BA4C0 /* Pods */ = {
			isa = PBXGroup;
			children = (
				424EA2E95EB2A6B0EFA16FFD /* Pods-Saphan.debug.xcconfig */,
				39831A3FF43FFBE002009CA3 /* Pods-Saphan.release.xcconfig */,
				3BD4679D16D880A8C1BCAD04 /* Pods-SaphanCore.debug.xcconfig */,
				2D969C2D57BC09491EF71C3F /* Pods-SaphanCore.release.xcconfig */,
			);
			path = Pods;
			sourceTree = "<group>";
		};
		A1C2E9D8A00AA9A8D0993E11 /* Services */ = {
			isa = PBXGroup;
			children = (
				54FF010D27095AB3049536E1 /* AudioSessionManager.swift */,
				AFC151E222733CB55B882A51 /* RealtimeAgent.swift */,
				FA9DF09F034BAF06EB6D6402 /* WebRTCRealtimeSession.swift */,
			);
			path = Services;
			sourceTree = "<group>";
		};
		A61AA6A185F7C44DBEED92EA /* ViewModels */ = {
			isa = PBXGroup;
			children = (
				C9EEA00B534C03FD786813ED /* KeyboardViewModel.swift */,
			);
			path = ViewModels;
			sourceTree = "<group>";
		};
		ABD320E8631E896E9FC1F16F /* Models */ = {
			isa = PBXGroup;
			children = (
			);
			path = Models;
			sourceTree = "<group>";
		};
		B8FC362F898A13562C3626F9 /* Navigation */ = {
			isa = PBXGroup;
			children = (
				8389C22EA9B2A310BCA1E27E /* MainTabView.swift */,
				B9C202CF6A66471E91FB0680 /* RootView.swift */,
			);
			path = Navigation;
			sourceTree = "<group>";
		};
		BA8A07C147C908157BB93C7E /* Storage */ = {
			isa = PBXGroup;
			children = (
				D1FBD0EE28FADB22204504B4 /* CacheService.swift */,
				0E56A3E1C9EEFD172009C3F1 /* KeychainService.swift */,
				E0C7B1A7455CB8EA51AD16B4 /* PreferencesService.swift */,
			);
			path = Storage;
			sourceTree = "<group>";
		};
		BC660ACE1AE1806EB14CAF0A /* Auth */ = {
			isa = PBXGroup;
			children = (
				058A86119EEB1BB6D578B021 /* ViewModels */,
				D7B64A716F5828463BCF4A4F /* Views */,
			);
			path = Auth;
			sourceTree = "<group>";
		};
		CCC515E4169A4B2149B404FB /* App */ = {
			isa = PBXGroup;
			children = (
				90F4470523A1FCBADA6C9584 /* AppDelegate.swift */,
				C6C79A46E65CA8EA6F37ADF7 /* SaphanApp.swift */,
			);
			path = App;
			sourceTree = "<group>";
		};
		D26A9B9B729058A59B815092 /* Services */ = {
			isa = PBXGroup;
			children = (
			);
			path = Services;
			sourceTree = "<group>";
		};
		D30BDC3177640C65E13AFE70 /* Models */ = {
			isa = PBXGroup;
			children = (
				15A10E0665A65DEB4CA32E38 /* ConnectionState.swift */,
				0BB9C2A9597A081F3CEA3822 /* ContextMode.swift */,
				A874CC7A8162D901CA4AF574 /* ConversationItem.swift */,
				D0BEB80682A3C6D4F381DEA9 /* InteractionMode.swift */,
				CFF8F534C58B232451CAA47A /* Language.swift */,
				7B35677E02D44ABE43ADE21D /* Tone.swift */,
				016B0CEE88CD73540D22131C /* TranslationRequest.swift */,
				AED1DD49B671CE00E2503A3E /* TranslationResponse.swift */,
				D4089CFCEE55AB63A25481B9 /* User.swift */,
				3567DB415B16E52877B68055 /* VoiceOption.swift */,
			);
			path = Models;
			sourceTree = "<group>";
		};
		D7B64A716F5828463BCF4A4F /* Views */ = {
			isa = PBXGroup;
			children = (
				4D664BC3AC1FAB969BB2164A /* AuthContainerView.swift */,
				8D9B352621BD6EAFFBFCBC32 /* SignUpView.swift */,
			);
			path = Views;
			sourceTree = "<group>";
		};
		DE0D42F40CFA08EA2E7FBE76 /* Utilities */ = {
			isa = PBXGroup;
			children = (
				4EC70D4FFB41104E26D8BE66 /* Debouncer.swift */,
				8878FDC1D52B4A780117CDFB /* HapticManager.swift */,
				2949E5889DB2AA77376AC6A0 /* Logger.swift */,
			);
			path = Utilities;
			sourceTree = "<group>";
		};
		E1B1A752324096E4CE1D40DE /* Views */ = {
			isa = PBXGroup;
			children = (
				FE1DBF359C4B67FA775A5292 /* OnboardingContainerView.swift */,
			);
			path = Views;
			sourceTree = "<group>";
		};
		EFEAB78D40837C2F273C64C8 /* SaphanCore */ = {
			isa = PBXGroup;
			children = (
				F542E8890F436F541A43EE5A /* Extensions */,
				D30BDC3177640C65E13AFE70 /* Models */,
				5D3F78A54651A84F85EE3F12 /* Services */,
				DE0D42F40CFA08EA2E7FBE76 /* Utilities */,
				44C8C0A9482E858128775C9A /* Constants.swift */,
			);
			path = SaphanCore;
			sourceTree = "<group>";
		};
		F144AC656671042AF211E53B /* ViewModels */ = {
			isa = PBXGroup;
			children = (
				352D898EC130B56F360F48C3 /* SettingsViewModel.swift */,
			);
			path = ViewModels;
			sourceTree = "<group>";
		};
		F200BA0E5493720D57F25438 /* VoiceTranslation */ = {
			isa = PBXGroup;
			children = (
				A1C2E9D8A00AA9A8D0993E11 /* Services */,
				410A945032BD598B44117D92 /* ViewModels */,
				159483F3C0735E9BF2328D46 /* Views */,
			);
			path = VoiceTranslation;
			sourceTree = "<group>";
		};
		F4A1E9DD1DEE526322E82FA0 /* API */ = {
			isa = PBXGroup;
			children = (
				92C8A5CC839577C106BEEC2E /* APIClient.swift */,
				74C546BCFD73706448B0DF2D /* APIError.swift */,
			);
			path = API;
			sourceTree = "<group>";
		};
		F542E8890F436F541A43EE5A /* Extensions */ = {
			isa = PBXGroup;
			children = (
			);
			path = Extensions;
			sourceTree = "<group>";
		};
		F9E8A7C4BCA71290A93E0447 /* Features */ = {
			isa = PBXGroup;
			children = (
				BC660ACE1AE1806EB14CAF0A /* Auth */,
				60BA6B325E82A4DC98F03898 /* Onboarding */,
				FB14E88ADA9EDA090AB3D3DD /* Settings */,
				645E6B12B757FDE441D9111F /* Subscription */,
				F200BA0E5493720D57F25438 /* VoiceTranslation */,
			);
			path = Features;
			sourceTree = "<group>";
		};
		FB14E88ADA9EDA090AB3D3DD /* Settings */ = {
			isa = PBXGroup;
			children = (
				F144AC656671042AF211E53B /* ViewModels */,
				1FEEC0426C63FC89A2EC34C3 /* Views */,
			);
			path = Settings;
			sourceTree = "<group>";
		};
		FDF7F5DCBF92548CB9E74109 /* Products */ = {
			isa = PBXGroup;
			children = (
				2DDCD9C82268C63CA54E5793 /* Saphan.app */,
				5D6EAB299920E6891D28B133 /* SaphanCore.framework */,
				257AF2AF869E1D26524B64D1 /* SaphanKeyboard.appex */,
				644BCFC3D5BFEC149F3F98FC /* SaphanTests.xctest */,
			);
			name = Products;
			sourceTree = "<group>";
		};
/* End PBXGroup section */

/* Begin PBXNativeTarget section */
		20A0769D980BF0E2085B2B43 /* SaphanKeyboard */ = {
			isa = PBXNativeTarget;
			buildConfigurationList = 9BE6BF1F8BB29367C2E56C0F /* Build configuration list for PBXNativeTarget "SaphanKeyboard" */;
			buildPhases = (
				05663F07F010C58D719D8566 /* Sources */,
				BC722FE05C28B1AFC38C02D7 /* Frameworks */,
			);
			buildRules = (
			);
			dependencies = (
				A98DBC7DB2898D153E4B411A /* PBXTargetDependency */,
			);
			name = SaphanKeyboard;
			productName = SaphanKeyboard;
			productReference = 257AF2AF869E1D26524B64D1 /* SaphanKeyboard.appex */;
			productType = "com.apple.product-type.app-extension";
		};
		38191C31D20200C64CF238F3 /* SaphanTests */ = {
			isa = PBXNativeTarget;
			buildConfigurationList = 1DF8FCE7C31B4C5AE856AFDB /* Build configuration list for PBXNativeTarget "SaphanTests" */;
			buildPhases = (
				CBF2EC2DBC0BA3141962AEF3 /* Sources */,
				EFEC1704E536F9AF11735637 /* Frameworks */,
				C60F218A01FE2471885B77B0 /* Embed Frameworks */,
			);
			buildRules = (
			);
			dependencies = (
				DDC333CE09716F54DB979167 /* PBXTargetDependency */,
				8D881F4F628249FB13B939B9 /* PBXTargetDependency */,
			);
			name = SaphanTests;
			productName = SaphanTests;
			productReference = 644BCFC3D5BFEC149F3F98FC /* SaphanTests.xctest */;
			productType = "com.apple.product-type.bundle.unit-test";
		};
		75CA530CE60F2A612D816119 /* SaphanCore */ = {
			isa = PBXNativeTarget;
			buildConfigurationList = 93DB2BD0D20281421F5C41DA /* Build configuration list for PBXNativeTarget "SaphanCore" */;
			buildPhases = (
				707BFCF791694F9B416CF3FC /* [CP] Check Pods Manifest.lock */,
				CD82C8EC6C879F8109060FDD /* Sources */,
				3CCA2DE1A2169D2B9EBE9957 /* Frameworks */,
			);
			buildRules = (
			);
			dependencies = (
			);
			name = SaphanCore;
			productName = SaphanCore;
			productReference = 5D6EAB299920E6891D28B133 /* SaphanCore.framework */;
			productType = "com.apple.product-type.framework";
		};
		7DD7FF0888900C39D602FFE1 /* Saphan */ = {
			isa = PBXNativeTarget;
			buildConfigurationList = CD0B82F8A9C8C08038BA7E3C /* Build configuration list for PBXNativeTarget "Saphan" */;
			buildPhases = (
				12A23DC3CF43FA54DEDCC831 /* [CP] Check Pods Manifest.lock */,
				A973067D446651AD825AB316 /* Sources */,
				17B4EA0E5BE2CA4A5BDF42FA /* Frameworks */,
				57C1C566DD61A2838B1C4E0C /* Embed Foundation Extensions */,
				A683DC080D6BD508EC216867 /* Embed Frameworks */,
				5264320DB07C90422E095153 /* [CP] Embed Pods Frameworks */,
			);
			buildRules = (
			);
			dependencies = (
				6F7191F2D5F961A41ACDF852 /* PBXTargetDependency */,
				1D0F9E48E26FA030E09F8A59 /* PBXTargetDependency */,
			);
			name = Saphan;
			packageProductDependencies = (
				F55DE2B88D1A1112C5E5E007 /* Supabase */,
				53492FCCB46A0A96FF78A8FB /* RevenueCat */,
				55CF492E025E9CD11B3AB423 /* GoogleSignIn */,
			);
			productName = Saphan;
			productReference = 2DDCD9C82268C63CA54E5793 /* Saphan.app */;
			productType = "com.apple.product-type.application";
		};
/* End PBXNativeTarget section */

/* Begin PBXProject section */
		EC65017F6605833903DA602F /* Project object */ = {
			isa = PBXProject;
			attributes = {
				BuildIndependentTargetsInParallel = YES;
				LastUpgradeCheck = 1500;
			};
			buildConfigurationList = 4D7A113C24BB92837C8B4EF2 /* Build configuration list for PBXProject "Saphan" */;
			compatibilityVersion = "Xcode 14.0";
			developmentRegion = en;
			hasScannedForEncodings = 0;
			knownRegions = (
				Base,
				en,
			);
			mainGroup = 68AA2841BB84360EAC8A09CD;
			minimizedProjectReferenceProxies = 1;
			packageReferences = (
				6D3F0E66C25B75ACB6FC4B03 /* XCRemoteSwiftPackageReference "GoogleSignIn-iOS" */,
				6EB7A99D3CE4F40D7175D5BE /* XCRemoteSwiftPackageReference "purchases-ios" */,
				25CF6551BDC915E50050F2EF /* XCRemoteSwiftPackageReference "supabase-swift" */,
			);
			productRefGroup = FDF7F5DCBF92548CB9E74109 /* Products */;
			projectDirPath = "";
			projectRoot = "";
			targets = (
				7DD7FF0888900C39D602FFE1 /* Saphan */,
				75CA530CE60F2A612D816119 /* SaphanCore */,
				20A0769D980BF0E2085B2B43 /* SaphanKeyboard */,
				38191C31D20200C64CF238F3 /* SaphanTests */,
			);
		};
/* End PBXProject section */

/* Begin PBXShellScriptBuildPhase section */
		12A23DC3CF43FA54DEDCC831 /* [CP] Check Pods Manifest.lock */ = {
			isa = PBXShellScriptBuildPhase;
			buildActionMask = 2147483647;
			files = (
			);
			inputFileListPaths = (
			);
			inputPaths = (
				"${PODS_PODFILE_DIR_PATH}/Podfile.lock",
				"${PODS_ROOT}/Manifest.lock",
			);
			name = "[CP] Check Pods Manifest.lock";
			outputFileListPaths = (
			);
			outputPaths = (
				"$(DERIVED_FILE_DIR)/Pods-Saphan-checkManifestLockResult.txt",
			);
			runOnlyForDeploymentPostprocessing = 0;
			shellPath = /bin/sh;
			shellScript = "diff \"${PODS_PODFILE_DIR_PATH}/Podfile.lock\" \"${PODS_ROOT}/Manifest.lock\" > /dev/null\nif [ $? != 0 ] ; then\n    # print error to STDERR\n    echo \"error: The sandbox is not in sync with the Podfile.lock. Run 'pod install' or update your CocoaPods installation.\" >&2\n    exit 1\nfi\n# This output is used by Xcode 'outputs' to avoid re-running this script phase.\necho \"SUCCESS\" > \"${SCRIPT_OUTPUT_FILE_0}\"\n";
			showEnvVarsInLog = 0;
		};
		5264320DB07C90422E095153 /* [CP] Embed Pods Frameworks */ = {
			isa = PBXShellScriptBuildPhase;
			buildActionMask = 2147483647;
			files = (
			);
			inputFileListPaths = (
				"${PODS_ROOT}/Target Support Files/Pods-Saphan/Pods-Saphan-frameworks-${CONFIGURATION}-input-files.xcfilelist",
			);
			inputPaths = (
			);
			name = "[CP] Embed Pods Frameworks";
			outputFileListPaths = (
				"${PODS_ROOT}/Target Support Files/Pods-Saphan/Pods-Saphan-frameworks-${CONFIGURATION}-output-files.xcfilelist",
			);
			outputPaths = (
			);
			runOnlyForDeploymentPostprocessing = 0;
			shellPath = /bin/sh;
			shellScript = "\"${PODS_ROOT}/Target Support Files/Pods-Saphan/Pods-Saphan-frameworks.sh\"\n";
			showEnvVarsInLog = 0;
		};
		707BFCF791694F9B416CF3FC /* [CP] Check Pods Manifest.lock */ = {
			isa = PBXShellScriptBuildPhase;
			buildActionMask = 2147483647;
			files = (
			);
			inputFileListPaths = (
			);
			inputPaths = (
				"${PODS_PODFILE_DIR_PATH}/Podfile.lock",
				"${PODS_ROOT}/Manifest.lock",
			);
			name = "[CP] Check Pods Manifest.lock";
			outputFileListPaths = (
			);
			outputPaths = (
				"$(DERIVED_FILE_DIR)/Pods-SaphanCore-checkManifestLockResult.txt",
			);
			runOnlyForDeploymentPostprocessing = 0;
			shellPath = /bin/sh;
			shellScript = "diff \"${PODS_PODFILE_DIR_PATH}/Podfile.lock\" \"${PODS_ROOT}/Manifest.lock\" > /dev/null\nif [ $? != 0 ] ; then\n    # print error to STDERR\n    echo \"error: The sandbox is not in sync with the Podfile.lock. Run 'pod install' or update your CocoaPods installation.\" >&2\n    exit 1\nfi\n# This output is used by Xcode 'outputs' to avoid re-running this script phase.\necho \"SUCCESS\" > \"${SCRIPT_OUTPUT_FILE_0}\"\n";
			showEnvVarsInLog = 0;
		};
/* End PBXShellScriptBuildPhase section */

/* Begin PBXSourcesBuildPhase section */
		05663F07F010C58D719D8566 /* Sources */ = {
			isa = PBXSourcesBuildPhase;
			buildActionMask = 2147483647;
			files = (
				0E18FFB4421AE3556AF020BB /* ActionBar.swift in Sources */,
				52B48EA432452B26FC77094B /* KeyboardButton.swift in Sources */,
				32FF980737DF2E6A5A9CB731 /* KeyboardGrid.swift in Sources */,
				3F75268357C8F99FFE18107E /* KeyboardView.swift in Sources */,
				B5DA29C4E001B18C1A875440 /* KeyboardViewController.swift in Sources */,
				E291609E3A63B6F2DC82E881 /* KeyboardViewModel.swift in Sources */,
				A92D9BE21081887E213DE519 /* PreviewBar.swift in Sources */,
				25A9E6DDE904C6CF465F3B63 /* TopBar.swift in Sources */,
			);
			runOnlyForDeploymentPostprocessing = 0;
		};
		A973067D446651AD825AB316 /* Sources */ = {
			isa = PBXSourcesBuildPhase;
			buildActionMask = 2147483647;
			files = (
				A929AF72C5A0CC7957456689 /* AppDelegate.swift in Sources */,
				D91036D8256E86D8D8D3B11A /* AudioSessionManager.swift in Sources */,
				6C563C31A560E3E73E0AB2D9 /* AuthContainerView.swift in Sources */,
				534EAE8502FD78D47435F20D /* AuthViewModel.swift in Sources */,
				A1632FBC6253AA6B5E7EE73D /* ContextModePicker.swift in Sources */,
				644762BC344D946C9ABBDD9C /* ConversationBubbleView.swift in Sources */,
				BC4C33FDCFFE2FB3ADA3AB4A /* ConversationHistorySheet.swift in Sources */,
				264DDF54D1BEE1A2B9C48390 /* LanguageSelectorView.swift in Sources */,
				DD9CDD285BC53D646CD97EE7 /* MainTabView.swift in Sources */,
				C2A5CF8982A13CD71A3A5C8A /* OnboardingContainerView.swift in Sources */,
				43ACE8A0357C2C64CD5E88F3 /* PTTButtonView.swift in Sources */,
				626DD90E36DF88D8F3CD17C4 /* PaywallView.swift in Sources */,
				E4735A7C5EC12156A61F7F16 /* RealtimeAgent.swift in Sources */,
				425552337EF1BC01FCF988C8 /* RootView.swift in Sources */,
				3D326830FCE19FF184FECFF8 /* SaphanApp.swift in Sources */,
				F10D5EF561F10DAD621A2AB8 /* SessionTimerView.swift in Sources */,
				7BB4B9FF73913D149AD544D7 /* SettingsView.swift in Sources */,
				265C0AB7344D0B0D2B94B196 /* SettingsViewModel.swift in Sources */,
				2E3A3C624CB91898BB5FA442 /* SignUpView.swift in Sources */,
				5AD494C8336F2F9A8B9BDFAC /* SubscriptionViewModel.swift in Sources */,
				C9951D69F4B5BC7CC901AF37 /* VoiceTranslationTheme.swift in Sources */,
				A88B5B15A31EE8E53840A7AE /* VoiceTranslationView.swift in Sources */,
				94A3E20B5EB4CABDAE258DB5 /* VoiceTranslationViewModel.swift in Sources */,
				D29B197E5F671F21D0DF8DB8 /* WebRTCRealtimeSession.swift in Sources */,
			);
			runOnlyForDeploymentPostprocessing = 0;
		};
		CBF2EC2DBC0BA3141962AEF3 /* Sources */ = {
			isa = PBXSourcesBuildPhase;
			buildActionMask = 2147483647;
			files = (
			);
			runOnlyForDeploymentPostprocessing = 0;
		};
		CD82C8EC6C879F8109060FDD /* Sources */ = {
			isa = PBXSourcesBuildPhase;
			buildActionMask = 2147483647;
			files = (
				5348D2ADD5D7AA56C4E384C4 /* APIClient.swift in Sources */,
				B097E1A0C6D7CB68F7C372A0 /* APIError.swift in Sources */,
				7305CBAA030D6D74A1053E03 /* AuthService.swift in Sources */,
				197CE5FAD321BA95FF2EC026 /* CacheService.swift in Sources */,
				85D08A7E3BC98405BFE546B5 /* ConnectionState.swift in Sources */,
				4B6ECBEB69AB9DBC4099453F /* Constants.swift in Sources */,
				D6599F76CD9557A1633D6F2C /* ContextMode.swift in Sources */,
				74A1AD299F91ECACD2A8B0E3 /* ConversationItem.swift in Sources */,
				1779FCDF52460BB891474345 /* Debouncer.swift in Sources */,
				F746E908CCA7225F7420D753 /* HapticManager.swift in Sources */,
				E5A24FF8561A976BF8D6DA74 /* InteractionMode.swift in Sources */,
				76F16061FEAFA53F2AF35415 /* KeychainService.swift in Sources */,
				045C34FE6F57FE024A2A5360 /* Language.swift in Sources */,
				6AB3E06C6EC6002A8D35F6D8 /* Logger.swift in Sources */,
				13AF4B0CDB90986B66F5A61F /* NetworkMonitor.swift in Sources */,
				CB6A05DB5DEF5D9B19FCE7E9 /* PreferencesService.swift in Sources */,
				5E1D461039833CDD6D697A07 /* TextTranslationService.swift in Sources */,
				03DD9DA9BD116FB47F405722 /* Tone.swift in Sources */,
				EFB606D75A1E1FBD0DE59EDC /* TranslationRequest.swift in Sources */,
				EE3CF1DB80F544AA6AD2CB08 /* TranslationResponse.swift in Sources */,
				C89BC6618E8FE6717CEDD39E /* User.swift in Sources */,
				5B85BE875C8A0448DA9A2F3D /* VoiceOption.swift in Sources */,
			);
			runOnlyForDeploymentPostprocessing = 0;
		};
/* End PBXSourcesBuildPhase section */

/* Begin PBXTargetDependency section */
		1D0F9E48E26FA030E09F8A59 /* PBXTargetDependency */ = {
			isa = PBXTargetDependency;
			target = 20A0769D980BF0E2085B2B43 /* SaphanKeyboard */;
			targetProxy = 7BB19487C66B189A03F20DC9 /* PBXContainerItemProxy */;
		};
		6F7191F2D5F961A41ACDF852 /* PBXTargetDependency */ = {
			isa = PBXTargetDependency;
			target = 75CA530CE60F2A612D816119 /* SaphanCore */;
			targetProxy = 5E731568C41C3F17A456F893 /* PBXContainerItemProxy */;
		};
		8D881F4F628249FB13B939B9 /* PBXTargetDependency */ = {
			isa = PBXTargetDependency;
			target = 75CA530CE60F2A612D816119 /* SaphanCore */;
			targetProxy = 57832B6D927EA63762C7B416 /* PBXContainerItemProxy */;
		};
		A98DBC7DB2898D153E4B411A /* PBXTargetDependency */ = {
			isa = PBXTargetDependency;
			target = 75CA530CE60F2A612D816119 /* SaphanCore */;
			targetProxy = CB42762554A10C5EAFA44FB3 /* PBXContainerItemProxy */;
		};
		DDC333CE09716F54DB979167 /* PBXTargetDependency */ = {
			isa = PBXTargetDependency;
			target = 7DD7FF0888900C39D602FFE1 /* Saphan */;
			targetProxy = 8DE18508FB7E1BE366B0DA3F /* PBXContainerItemProxy */;
		};
/* End PBXTargetDependency section */

/* Begin XCBuildConfiguration section */
		0F8D7F31F19A0FA00110F9DD /* Debug */ = {
			isa = XCBuildConfiguration;
			baseConfigurationReference = 3BD4679D16D880A8C1BCAD04 /* Pods-SaphanCore.debug.xcconfig */;
			buildSettings = {
				BUILD_LIBRARY_FOR_DISTRIBUTION = YES;
				CODE_SIGN_IDENTITY = "Apple Development";
				CURRENT_PROJECT_VERSION = 1;
				DEFINES_MODULE = YES;
				"DEVELOPMENT_TEAM[sdk=iphoneos*]" = 9H67DD44U7;
				DYLIB_COMPATIBILITY_VERSION = 1;
				DYLIB_CURRENT_VERSION = 1;
				DYLIB_INSTALL_NAME_BASE = "@rpath";
				GENERATE_INFOPLIST_FILE = YES;
				INSTALL_PATH = "$(LOCAL_LIBRARY_DIR)/Frameworks";
				LD_RUNPATH_SEARCH_PATHS = (
					"$(inherited)",
					"@executable_path/Frameworks",
				);
				PRODUCT_BUNDLE_IDENTIFIER = com.krsnalabs.saphan.core;
				SDKROOT = iphoneos;
				SKIP_INSTALL = YES;
				TARGETED_DEVICE_FAMILY = "1,2";
				VERSIONING_SYSTEM = "apple-generic";
			};
			name = Debug;
		};
		26DB3589E5315822C2620DC0 /* Release */ = {
			isa = XCBuildConfiguration;
			buildSettings = {
				CODE_SIGN_ENTITLEMENTS = SaphanKeyboard/SaphanKeyboard.entitlements;
				DEVELOPMENT_TEAM = 9H67DD44U7;
				INFOPLIST_FILE = SaphanKeyboard/Info.plist;
				LD_RUNPATH_SEARCH_PATHS = (
					"$(inherited)",
					"@executable_path/Frameworks",
					"@executable_path/../../Frameworks",
				);
				PRODUCT_BUNDLE_IDENTIFIER = com.krsnalabs.saphan.keyboard;
				SDKROOT = iphoneos;
				TARGETED_DEVICE_FAMILY = "1,2";
			};
			name = Release;
		};
		4711FE9B0E572CAF53A8A3BE /* Release */ = {
			isa = XCBuildConfiguration;
			buildSettings = {
				ALWAYS_SEARCH_USER_PATHS = NO;
				CLANG_ANALYZER_NONNULL = YES;
				CLANG_ANALYZER_NUMBER_OBJECT_CONVERSION = YES_AGGRESSIVE;
				CLANG_CXX_LANGUAGE_STANDARD = "gnu++14";
				CLANG_CXX_LIBRARY = "libc++";
				CLANG_ENABLE_MODULES = YES;
				CLANG_ENABLE_OBJC_ARC = YES;
				CLANG_ENABLE_OBJC_WEAK = YES;
				CLANG_WARN_BLOCK_CAPTURE_AUTORELEASING = YES;
				CLANG_WARN_BOOL_CONVERSION = YES;
				CLANG_WARN_COMMA = YES;
				CLANG_WARN_CONSTANT_CONVERSION = YES;
				CLANG_WARN_DEPRECATED_OBJC_IMPLEMENTATIONS = YES;
				CLANG_WARN_DIRECT_OBJC_ISA_USAGE = YES_ERROR;
				CLANG_WARN_DOCUMENTATION_COMMENTS = YES;
				CLANG_WARN_EMPTY_BODY = YES;
				CLANG_WARN_ENUM_CONVERSION = YES;
				CLANG_WARN_INFINITE_RECURSION = YES;
				CLANG_WARN_INT_CONVERSION = YES;
				CLANG_WARN_NON_LITERAL_NULL_CONVERSION = YES;
				CLANG_WARN_OBJC_IMPLICIT_RETAIN_SELF = YES;
				CLANG_WARN_OBJC_LITERAL_CONVERSION = YES;
				CLANG_WARN_OBJC_ROOT_CLASS = YES_ERROR;
				CLANG_WARN_QUOTED_INCLUDE_IN_FRAMEWORK_HEADER = YES;
				CLANG_WARN_RANGE_LOOP_ANALYSIS = YES;
				CLANG_WARN_STRICT_PROTOTYPES = YES;
				CLANG_WARN_SUSPICIOUS_MOVE = YES;
				CLANG_WARN_UNGUARDED_AVAILABILITY = YES_AGGRESSIVE;
				CLANG_WARN_UNREACHABLE_CODE = YES;
				CLANG_WARN__DUPLICATE_METHOD_MATCH = YES;
				COPY_PHASE_STRIP = NO;
				CURRENT_PROJECT_VERSION = 1;
				DEBUG_INFORMATION_FORMAT = "dwarf-with-dsym";
				DEVELOPMENT_TEAM = "";
				ENABLE_NS_ASSERTIONS = NO;
				ENABLE_STRICT_OBJC_MSGSEND = YES;
				GCC_C_LANGUAGE_STANDARD = gnu11;
				GCC_NO_COMMON_BLOCKS = YES;
				GCC_WARN_64_TO_32_BIT_CONVERSION = YES;
				GCC_WARN_ABOUT_RETURN_TYPE = YES_ERROR;
				GCC_WARN_UNDECLARED_SELECTOR = YES;
				GCC_WARN_UNINITIALIZED_AUTOS = YES_AGGRESSIVE;
				GCC_WARN_UNUSED_FUNCTION = YES;
				GCC_WARN_UNUSED_VARIABLE = YES;
				IPHONEOS_DEPLOYMENT_TARGET = 16.0;
				MARKETING_VERSION = 1.0.0;
				MTL_ENABLE_DEBUG_INFO = NO;
				MTL_FAST_MATH = YES;
				PRODUCT_NAME = "$(TARGET_NAME)";
				SDKROOT = iphoneos;
				SWIFT_COMPILATION_MODE = wholemodule;
				SWIFT_OPTIMIZATION_LEVEL = "-O";
				SWIFT_VERSION = 5.9;
			};
			name = Release;
		};
		5A82BCFF60C16760C511FC0C /* Release */ = {
			isa = XCBuildConfiguration;
			buildSettings = {
				BUNDLE_LOADER = "$(TEST_HOST)";
				DEVELOPMENT_TEAM = 9H67DD44U7;
				LD_RUNPATH_SEARCH_PATHS = (
					"$(inherited)",
					"@executable_path/Frameworks",
					"@loader_path/Frameworks",
				);
				PRODUCT_BUNDLE_IDENTIFIER = com.krsnalabs.SaphanTests;
				SDKROOT = iphoneos;
				TARGETED_DEVICE_FAMILY = "1,2";
				TEST_HOST = "$(BUILT_PRODUCTS_DIR)/Saphan.app/Saphan";
			};
			name = Release;
		};
		6041B59253C03404E4C3A1EA /* Debug */ = {
			isa = XCBuildConfiguration;
			baseConfigurationReference = 424EA2E95EB2A6B0EFA16FFD /* Pods-Saphan.debug.xcconfig */;
			buildSettings = {
				ASSETCATALOG_COMPILER_APPICON_NAME = AppIcon;
				CODE_SIGN_ENTITLEMENTS = Saphan/Supporting/Saphan.entitlements;
				CODE_SIGN_IDENTITY = "iPhone Developer";
				DEVELOPMENT_TEAM = 9H67DD44U7;
				INFOPLIST_FILE = Saphan/Resources/Info.plist;
				LD_RUNPATH_SEARCH_PATHS = (
					"$(inherited)",
					"@executable_path/Frameworks",
				);
				PRODUCT_BUNDLE_IDENTIFIER = com.krsnalabs.saphan;
				SDKROOT = iphoneos;
				TARGETED_DEVICE_FAMILY = "1,2";
			};
			name = Debug;
		};
		76461D672E4F620176690BD5 /* Debug */ = {
			isa = XCBuildConfiguration;
			buildSettings = {
				CODE_SIGN_ENTITLEMENTS = SaphanKeyboard/SaphanKeyboard.entitlements;
				DEVELOPMENT_TEAM = 9H67DD44U7;
				INFOPLIST_FILE = SaphanKeyboard/Info.plist;
				LD_RUNPATH_SEARCH_PATHS = (
					"$(inherited)",
					"@executable_path/Frameworks",
					"@executable_path/../../Frameworks",
				);
				PRODUCT_BUNDLE_IDENTIFIER = com.krsnalabs.saphan.keyboard;
				SDKROOT = iphoneos;
				TARGETED_DEVICE_FAMILY = "1,2";
			};
			name = Debug;
		};
		9DEAED86082DDF5086AFA2E0 /* Debug */ = {
			isa = XCBuildConfiguration;
			buildSettings = {
				ALWAYS_SEARCH_USER_PATHS = NO;
				CLANG_ANALYZER_NONNULL = YES;
				CLANG_ANALYZER_NUMBER_OBJECT_CONVERSION = YES_AGGRESSIVE;
				CLANG_CXX_LANGUAGE_STANDARD = "gnu++14";
				CLANG_CXX_LIBRARY = "libc++";
				CLANG_ENABLE_MODULES = YES;
				CLANG_ENABLE_OBJC_ARC = YES;
				CLANG_ENABLE_OBJC_WEAK = YES;
				CLANG_WARN_BLOCK_CAPTURE_AUTORELEASING = YES;
				CLANG_WARN_BOOL_CONVERSION = YES;
				CLANG_WARN_COMMA = YES;
				CLANG_WARN_CONSTANT_CONVERSION = YES;
				CLANG_WARN_DEPRECATED_OBJC_IMPLEMENTATIONS = YES;
				CLANG_WARN_DIRECT_OBJC_ISA_USAGE = YES_ERROR;
				CLANG_WARN_DOCUMENTATION_COMMENTS = YES;
				CLANG_WARN_EMPTY_BODY = YES;
				CLANG_WARN_ENUM_CONVERSION = YES;
				CLANG_WARN_INFINITE_RECURSION = YES;
				CLANG_WARN_INT_CONVERSION = YES;
				CLANG_WARN_NON_LITERAL_NULL_CONVERSION = YES;
				CLANG_WARN_OBJC_IMPLICIT_RETAIN_SELF = YES;
				CLANG_WARN_OBJC_LITERAL_CONVERSION = YES;
				CLANG_WARN_OBJC_ROOT_CLASS = YES_ERROR;
				CLANG_WARN_QUOTED_INCLUDE_IN_FRAMEWORK_HEADER = YES;
				CLANG_WARN_RANGE_LOOP_ANALYSIS = YES;
				CLANG_WARN_STRICT_PROTOTYPES = YES;
				CLANG_WARN_SUSPICIOUS_MOVE = YES;
				CLANG_WARN_UNGUARDED_AVAILABILITY = YES_AGGRESSIVE;
				CLANG_WARN_UNREACHABLE_CODE = YES;
				CLANG_WARN__DUPLICATE_METHOD_MATCH = YES;
				COPY_PHASE_STRIP = NO;
				CURRENT_PROJECT_VERSION = 1;
				DEBUG_INFORMATION_FORMAT = dwarf;
				DEVELOPMENT_TEAM = "";
				ENABLE_STRICT_OBJC_MSGSEND = YES;
				ENABLE_TESTABILITY = YES;
				GCC_C_LANGUAGE_STANDARD = gnu11;
				GCC_DYNAMIC_NO_PIC = NO;
				GCC_NO_COMMON_BLOCKS = YES;
				GCC_OPTIMIZATION_LEVEL = 0;
				GCC_PREPROCESSOR_DEFINITIONS = (
					"$(inherited)",
					"DEBUG=1",
				);
				GCC_WARN_64_TO_32_BIT_CONVERSION = YES;
				GCC_WARN_ABOUT_RETURN_TYPE = YES_ERROR;
				GCC_WARN_UNDECLARED_SELECTOR = YES;
				GCC_WARN_UNINITIALIZED_AUTOS = YES_AGGRESSIVE;
				GCC_WARN_UNUSED_FUNCTION = YES;
				GCC_WARN_UNUSED_VARIABLE = YES;
				IPHONEOS_DEPLOYMENT_TARGET = 16.0;
				MARKETING_VERSION = 1.0.0;
				MTL_ENABLE_DEBUG_INFO = INCLUDE_SOURCE;
				MTL_FAST_MATH = YES;
				ONLY_ACTIVE_ARCH = YES;
				PRODUCT_NAME = "$(TARGET_NAME)";
				SDKROOT = iphoneos;
				SWIFT_ACTIVE_COMPILATION_CONDITIONS = DEBUG;
				SWIFT_OPTIMIZATION_LEVEL = "-Onone";
				SWIFT_VERSION = 5.9;
			};
			name = Debug;
		};
		9E07C7BAAC11F5C3FB0DCA21 /* Release */ = {
			isa = XCBuildConfiguration;
			baseConfigurationReference = 2D969C2D57BC09491EF71C3F /* Pods-SaphanCore.release.xcconfig */;
			buildSettings = {
				BUILD_LIBRARY_FOR_DISTRIBUTION = YES;
				CODE_SIGN_IDENTITY = "Apple Development";
				CURRENT_PROJECT_VERSION = 1;
				DEFINES_MODULE = YES;
				"DEVELOPMENT_TEAM[sdk=iphoneos*]" = 9H67DD44U7;
				DYLIB_COMPATIBILITY_VERSION = 1;
				DYLIB_CURRENT_VERSION = 1;
				DYLIB_INSTALL_NAME_BASE = "@rpath";
				GENERATE_INFOPLIST_FILE = YES;
				INSTALL_PATH = "$(LOCAL_LIBRARY_DIR)/Frameworks";
				LD_RUNPATH_SEARCH_PATHS = (
					"$(inherited)",
					"@executable_path/Frameworks",
				);
				PRODUCT_BUNDLE_IDENTIFIER = com.krsnalabs.saphan.core;
				SDKROOT = iphoneos;
				SKIP_INSTALL = YES;
				TARGETED_DEVICE_FAMILY = "1,2";
				VERSIONING_SYSTEM = "apple-generic";
			};
			name = Release;
		};
		A7B211819E1F48A66ED5F77B /* Release */ = {
			isa = XCBuildConfiguration;
			baseConfigurationReference = 39831A3FF43FFBE002009CA3 /* Pods-Saphan.release.xcconfig */;
			buildSettings = {
				ASSETCATALOG_COMPILER_APPICON_NAME = AppIcon;
				CODE_SIGN_ENTITLEMENTS = Saphan/Supporting/Saphan.entitlements;
				CODE_SIGN_IDENTITY = "iPhone Developer";
				DEVELOPMENT_TEAM = 9H67DD44U7;
				INFOPLIST_FILE = Saphan/Resources/Info.plist;
				LD_RUNPATH_SEARCH_PATHS = (
					"$(inherited)",
					"@executable_path/Frameworks",
				);
				PRODUCT_BUNDLE_IDENTIFIER = com.krsnalabs.saphan;
				SDKROOT = iphoneos;
				TARGETED_DEVICE_FAMILY = "1,2";
			};
			name = Release;
		};
		B6DC5A0A2E65A7699D6EE87C /* Debug */ = {
			isa = XCBuildConfiguration;
			buildSettings = {
				BUNDLE_LOADER = "$(TEST_HOST)";
				DEVELOPMENT_TEAM = 9H67DD44U7;
				LD_RUNPATH_SEARCH_PATHS = (
					"$(inherited)",
					"@executable_path/Frameworks",
					"@loader_path/Frameworks",
				);
				PRODUCT_BUNDLE_IDENTIFIER = com.krsnalabs.SaphanTests;
				SDKROOT = iphoneos;
				TARGETED_DEVICE_FAMILY = "1,2";
				TEST_HOST = "$(BUILT_PRODUCTS_DIR)/Saphan.app/Saphan";
			};
			name = Debug;
		};
/* End XCBuildConfiguration section */

/* Begin XCConfigurationList section */
		1DF8FCE7C31B4C5AE856AFDB /* Build configuration list for PBXNativeTarget "SaphanTests" */ = {
			isa = XCConfigurationList;
			buildConfigurations = (
				B6DC5A0A2E65A7699D6EE87C /* Debug */,
				5A82BCFF60C16760C511FC0C /* Release */,
			);
			defaultConfigurationIsVisible = 0;
			defaultConfigurationName = Debug;
		};
		4D7A113C24BB92837C8B4EF2 /* Build configuration list for PBXProject "Saphan" */ = {
			isa = XCConfigurationList;
			buildConfigurations = (
				9DEAED86082DDF5086AFA2E0 /* Debug */,
				4711FE9B0E572CAF53A8A3BE /* Release */,
			);
			defaultConfigurationIsVisible = 0;
			defaultConfigurationName = Debug;
		};
		93DB2BD0D20281421F5C41DA /* Build configuration list for PBXNativeTarget "SaphanCore" */ = {
			isa = XCConfigurationList;
			buildConfigurations = (
				0F8D7F31F19A0FA00110F9DD /* Debug */,
				9E07C7BAAC11F5C3FB0DCA21 /* Release */,
			);
			defaultConfigurationIsVisible = 0;
			defaultConfigurationName = Debug;
		};
		9BE6BF1F8BB29367C2E56C0F /* Build configuration list for PBXNativeTarget "SaphanKeyboard" */ = {
			isa = XCConfigurationList;
			buildConfigurations = (
				76461D672E4F620176690BD5 /* Debug */,
				26DB3589E5315822C2620DC0 /* Release */,
			);
			defaultConfigurationIsVisible = 0;
			defaultConfigurationName = Debug;
		};
		CD0B82F8A9C8C08038BA7E3C /* Build configuration list for PBXNativeTarget "Saphan" */ = {
			isa = XCConfigurationList;
			buildConfigurations = (
				6041B59253C03404E4C3A1EA /* Debug */,
				A7B211819E1F48A66ED5F77B /* Release */,
			);
			defaultConfigurationIsVisible = 0;
			defaultConfigurationName = Debug;
		};
/* End XCConfigurationList section */

/* Begin XCRemoteSwiftPackageReference section */
		25CF6551BDC915E50050F2EF /* XCRemoteSwiftPackageReference "supabase-swift" */ = {
			isa = XCRemoteSwiftPackageReference;
			repositoryURL = "https://github.com/supabase/supabase-swift";
			requirement = {
				kind = upToNextMajorVersion;
				minimumVersion = 2.0.0;
			};
		};
		6D3F0E66C25B75ACB6FC4B03 /* XCRemoteSwiftPackageReference "GoogleSignIn-iOS" */ = {
			isa = XCRemoteSwiftPackageReference;
			repositoryURL = "https://github.com/google/GoogleSignIn-iOS";
			requirement = {
				kind = upToNextMajorVersion;
				minimumVersion = 7.0.0;
			};
		};
		6EB7A99D3CE4F40D7175D5BE /* XCRemoteSwiftPackageReference "purchases-ios" */ = {
			isa = XCRemoteSwiftPackageReference;
			repositoryURL = "https://github.com/RevenueCat/purchases-ios";
			requirement = {
				kind = upToNextMajorVersion;
				minimumVersion = 4.0.0;
			};
		};
/* End XCRemoteSwiftPackageReference section */

/* Begin XCSwiftPackageProductDependency section */
		53492FCCB46A0A96FF78A8FB /* RevenueCat */ = {
			isa = XCSwiftPackageProductDependency;
			package = 6EB7A99D3CE4F40D7175D5BE /* XCRemoteSwiftPackageReference "purchases-ios" */;
			productName = RevenueCat;
		};
		55CF492E025E9CD11B3AB423 /* GoogleSignIn */ = {
			isa = XCSwiftPackageProductDependency;
			package = 6D3F0E66C25B75ACB6FC4B03 /* XCRemoteSwiftPackageReference "GoogleSignIn-iOS" */;
			productName = GoogleSignIn;
		};
		F55DE2B88D1A1112C5E5E007 /* Supabase */ = {
			isa = XCSwiftPackageProductDependency;
			package = 25CF6551BDC915E50050F2EF /* XCRemoteSwiftPackageReference "supabase-swift" */;
			productName = Supabase;
		};
/* End XCSwiftPackageProductDependency section */
	};
	rootObject = EC65017F6605833903DA602F /* Project object */;
}
